
Microsoft Visual Studio Solution File, Format Version 12.00
# Visual Studio Version 17
VisualStudioVersion = 17.0.31903.59
MinimumVisualStudioVersion = 10.0.40219.1
Project("{2150E333-8FDC-42A3-9474-1A3956D46DE8}") = "src", "src", "{827E0CD3-B72D-47B6-A68D-7590B98EB39B}"
EndProject
Project("{FAE04EC0-301F-11D3-BF4B-00C04F79EFBC}") = "ShopeeClone.Backend.Core", "src\ShopeeClone.Backend.Core\ShopeeClone.Backend.Core.csproj", "{1442BAE0-0E1F-41D6-97E0-90BAA3AF6BBC}"
EndProject
Project("{FAE04EC0-301F-11D3-BF4B-00C04F79EFBC}") = "ShopeeClone.Backend.Api", "src\ShopeeClone.Backend.Api\ShopeeClone.Backend.Api.csproj", "{BFDE9D28-7859-4AAF-8658-7B0D2EB61A22}"
EndProject
Project("{FAE04EC0-301F-11D3-BF4B-00C04F79EFBC}") = "ShopeeClone.Backend.Application", "src\ShopeeClone.Backend.Application\ShopeeClone.Backend.Application.csproj", "{F054B8DB-87A6-4C0C-BED3-DD948A340CB5}"
EndProject
Project("{FAE04EC0-301F-11D3-BF4B-00C04F79EFBC}") = "ShopeeClone.Backend.Infrastructure", "src\ShopeeClone.Backend.Infrastructure\ShopeeClone.Backend.Infrastructure.csproj", "{A922B1FF-839A-4F95-9AEA-D32106F45CFC}"
EndProject
Global
	GlobalSection(SolutionConfigurationPlatforms) = preSolution
		Debug|Any CPU = Debug|Any CPU
		Debug|x64 = Debug|x64
		Debug|x86 = Debug|x86
		Release|Any CPU = Release|Any CPU
		Release|x64 = Release|x64
		Release|x86 = Release|x86
	EndGlobalSection
	GlobalSection(ProjectConfigurationPlatforms) = postSolution
		{1442BAE0-0E1F-41D6-97E0-90BAA3AF6BBC}.Debug|Any CPU.ActiveCfg = Debug|Any CPU
		{1442BAE0-0E1F-41D6-97E0-90BAA3AF6BBC}.Debug|Any CPU.Build.0 = Debug|Any CPU
		{1442BAE0-0E1F-41D6-97E0-90BAA3AF6BBC}.Debug|x64.ActiveCfg = Debug|Any CPU
		{1442BAE0-0E1F-41D6-97E0-90BAA3AF6BBC}.Debug|x64.Build.0 = Debug|Any CPU
		{1442BAE0-0E1F-41D6-97E0-90BAA3AF6BBC}.Debug|x86.ActiveCfg = Debug|Any CPU
		{1442BAE0-0E1F-41D6-97E0-90BAA3AF6BBC}.Debug|x86.Build.0 = Debug|Any CPU
		{1442BAE0-0E1F-41D6-97E0-90BAA3AF6BBC}.Release|Any CPU.ActiveCfg = Release|Any CPU
		{1442BAE0-0E1F-41D6-97E0-90BAA3AF6BBC}.Release|Any CPU.Build.0 = Release|Any CPU
		{1442BAE0-0E1F-41D6-97E0-90BAA3AF6BBC}.Release|x64.ActiveCfg = Release|Any CPU
		{1442BAE0-0E1F-41D6-97E0-90BAA3AF6BBC}.Release|x64.Build.0 = Release|Any CPU
		{1442BAE0-0E1F-41D6-97E0-90BAA3AF6BBC}.Release|x86.ActiveCfg = Release|Any CPU
		{1442BAE0-0E1F-41D6-97E0-90BAA3AF6BBC}.Release|x86.Build.0 = Release|Any CPU
		{BFDE9D28-7859-4AAF-8658-7B0D2EB61A22}.Debug|Any CPU.ActiveCfg = Debug|Any CPU
		{BFDE9D28-7859-4AAF-8658-7B0D2EB61A22}.Debug|Any CPU.Build.0 = Debug|Any CPU
		{BFDE9D28-7859-4AAF-8658-7B0D2EB61A22}.Debug|x64.ActiveCfg = Debug|Any CPU
		{BFDE9D28-7859-4AAF-8658-7B0D2EB61A22}.Debug|x64.Build.0 = Debug|Any CPU
		{BFDE9D28-7859-4AAF-8658-7B0D2EB61A22}.Debug|x86.ActiveCfg = Debug|Any CPU
		{BFDE9D28-7859-4AAF-8658-7B0D2EB61A22}.Debug|x86.Build.0 = Debug|Any CPU
		{BFDE9D28-7859-4AAF-8658-7B0D2EB61A22}.Release|Any CPU.ActiveCfg = Release|Any CPU
		{BFDE9D28-7859-4AAF-8658-7B0D2EB61A22}.Release|Any CPU.Build.0 = Release|Any CPU
		{BFDE9D28-7859-4AAF-8658-7B0D2EB61A22}.Release|x64.ActiveCfg = Release|Any CPU
		{BFDE9D28-7859-4AAF-8658-7B0D2EB61A22}.Release|x64.Build.0 = Release|Any CPU
		{BFDE9D28-7859-4AAF-8658-7B0D2EB61A22}.Release|x86.ActiveCfg = Release|Any CPU
		{BFDE9D28-7859-4AAF-8658-7B0D2EB61A22}.Release|x86.Build.0 = Release|Any CPU
		{F054B8DB-87A6-4C0C-BED3-DD948A340CB5}.Debug|Any CPU.ActiveCfg = Debug|Any CPU
		{F054B8DB-87A6-4C0C-BED3-DD948A340CB5}.Debug|Any CPU.Build.0 = Debug|Any CPU
		{F054B8DB-87A6-4C0C-BED3-DD948A340CB5}.Debug|x64.ActiveCfg = Debug|Any CPU
		{F054B8DB-87A6-4C0C-BED3-DD948A340CB5}.Debug|x64.Build.0 = Debug|Any CPU
		{F054B8DB-87A6-4C0C-BED3-DD948A340CB5}.Debug|x86.ActiveCfg = Debug|Any CPU
		{F054B8DB-87A6-4C0C-BED3-DD948A340CB5}.Debug|x86.Build.0 = Debug|Any CPU
		{F054B8DB-87A6-4C0C-BED3-DD948A340CB5}.Release|Any CPU.ActiveCfg = Release|Any CPU
		{F054B8DB-87A6-4C0C-BED3-DD948A340CB5}.Release|Any CPU.Build.0 = Release|Any CPU
		{F054B8DB-87A6-4C0C-BED3-DD948A340CB5}.Release|x64.ActiveCfg = Release|Any CPU
		{F054B8DB-87A6-4C0C-BED3-DD948A340CB5}.Release|x64.Build.0 = Release|Any CPU
		{F054B8DB-87A6-4C0C-BED3-DD948A340CB5}.Release|x86.ActiveCfg = Release|Any CPU
		{F054B8DB-87A6-4C0C-BED3-DD948A340CB5}.Release|x86.Build.0 = Release|Any CPU
		{A922B1FF-839A-4F95-9AEA-D32106F45CFC}.Debug|Any CPU.ActiveCfg = Debug|Any CPU
		{A922B1FF-839A-4F95-9AEA-D32106F45CFC}.Debug|Any CPU.Build.0 = Debug|Any CPU
		{A922B1FF-839A-4F95-9AEA-D32106F45CFC}.Debug|x64.ActiveCfg = Debug|Any CPU
		{A922B1FF-839A-4F95-9AEA-D32106F45CFC}.Debug|x64.Build.0 = Debug|Any CPU
		{A922B1FF-839A-4F95-9AEA-D32106F45CFC}.Debug|x86.ActiveCfg = Debug|Any CPU
		{A922B1FF-839A-4F95-9AEA-D32106F45CFC}.Debug|x86.Build.0 = Debug|Any CPU
		{A922B1FF-839A-4F95-9AEA-D32106F45CFC}.Release|Any CPU.ActiveCfg = Release|Any CPU
		{A922B1FF-839A-4F95-9AEA-D32106F45CFC}.Release|Any CPU.Build.0 = Release|Any CPU
		{A922B1FF-839A-4F95-9AEA-D32106F45CFC}.Release|x64.ActiveCfg = Release|Any CPU
		{A922B1FF-839A-4F95-9AEA-D32106F45CFC}.Release|x64.Build.0 = Release|Any CPU
		{A922B1FF-839A-4F95-9AEA-D32106F45CFC}.Release|x86.ActiveCfg = Release|Any CPU
		{A922B1FF-839A-4F95-9AEA-D32106F45CFC}.Release|x86.Build.0 = Release|Any CPU
	EndGlobalSection
	GlobalSection(SolutionProperties) = preSolution
		HideSolutionNode = FALSE
	EndGlobalSection
	GlobalSection(NestedProjects) = preSolution
		{1442BAE0-0E1F-41D6-97E0-90BAA3AF6BBC} = {827E0CD3-B72D-47B6-A68D-7590B98EB39B}
		{BFDE9D28-7859-4AAF-8658-7B0D2EB61A22} = {827E0CD3-B72D-47B6-A68D-7590B98EB39B}
		{F054B8DB-87A6-4C0C-BED3-DD948A340CB5} = {827E0CD3-B72D-47B6-A68D-7590B98EB39B}
		{A922B1FF-839A-4F95-9AEA-D32106F45CFC} = {827E0CD3-B72D-47B6-A68D-7590B98EB39B}
	EndGlobalSection
EndGlobal
